<?xml version="1.0" encoding="utf-8"?>
<Project ToolsVersion="4.0" xmlns="http://schemas.microsoft.com/developer/msbuild/2003">
  <ItemGroup>
    <Filter Include="Source Files">
      <UniqueIdentifier>{4FC737F1-C7A5-4376-A066-2A32D752A2FF}</UniqueIdentifier>
      <Extensions>cpp;c;cc;cxx;c++;cppm;ixx;def;odl;idl;hpj;bat;asm;asmx</Extensions>
    </Filter>
    <Filter Include="Header Files">
      <UniqueIdentifier>{93995380-89BD-4b04-88EB-625FBE52EBFB}</UniqueIdentifier>
      <Extensions>h;hh;hpp;hxx;h++;hm;inl;inc;ipp;xsd</Extensions>
    </Filter>
    <Filter Include="Resource Files">
      <UniqueIdentifier>{67DA6AB6-F800-4c08-8B7A-83BB121AAD01}</UniqueIdentifier>
      <Extensions>rc;ico;cur;bmp;dlg;rc2;rct;bin;rgs;gif;jpg;jpeg;jpe;resx;tiff;tif;png;wav;mfcribbon-ms</Extensions>
    </Filter>
  </ItemGroup>
  <ItemGroup>
    <ClCompile Include="main.cpp">
      <Filter>Source Files</Filter>
    </ClCompile>
    <ClCompile Include="core\cppgameengine.cpp">
      <Filter>Source Files</Filter>
    </ClCompile>
    <ClCompile Include="graphics\graphics.cpp">
      <Filter>Source Files</Filter>
    </ClCompile>
    <ClCompile Include="graphics\graphics_opengl.cpp">
      <Filter>Source Files</Filter>
    </ClCompile>
    <ClCompile Include="core\linker.cpp">
      <Filter>Source Files</Filter>
    </ClCompile>
    <ClCompile Include="core\scene.cpp">
      <Filter>Source Files</Filter>
    </ClCompile>
    <ClCompile Include="core\transform.cpp">
      <Filter>Source Files</Filter>
    </ClCompile>
    <ClCompile Include="objects\gameobject.cpp">
      <Filter>Source Files</Filter>
    </ClCompile>
    <ClCompile Include="objects\go_mesh.cpp">
      <Filter>Source Files</Filter>
    </ClCompile>
    <ClCompile Include="assets\assets_importobject.cpp">
      <Filter>Source Files</Filter>
    </ClCompile>
    <ClCompile Include="graphics\mesh.cpp">
      <Filter>Source Files</Filter>
    </ClCompile>
    <ClCompile Include="samples\sample2.cpp">
      <Filter>Source Files</Filter>
    </ClCompile>
    <ClCompile Include="utils\assimputils.cpp">
      <Filter>Source Files</Filter>
    </ClCompile>
    <ClCompile Include="graphics\pipeline\rp_clay.cpp">
      <Filter>Source Files</Filter>
    </ClCompile>
    <ClCompile Include="graphics\pipeline\rp_clay_opengl.cpp">
      <Filter>Source Files</Filter>
    </ClCompile>
    <ClCompile Include="graphics\pipeline\renderpipeline.cpp">
      <Filter>Source Files</Filter>
    </ClCompile>
    <ClCompile Include="utils\printutils.cpp">
      <Filter>Source Files</Filter>
    </ClCompile>
    <ClCompile Include="objects\go_camera.cpp">
      <Filter>Source Files</Filter>
    </ClCompile>
    <ClCompile Include="io\inputcontext.cpp">
      <Filter>Source Files</Filter>
    </ClCompile>
    <ClCompile Include="io\callbacks_glfw.cpp">
      <Filter>Source Files</Filter>
    </ClCompile>
    <ClCompile Include="samples\sample3.cpp">
      <Filter>Source Files</Filter>
    </ClCompile>
    <ClCompile Include="core\datablock.cpp">
      <Filter>Source Files</Filter>
    </ClCompile>
    <ClCompile Include="depsgraph\depsgraph.cpp">
      <Filter>Source Files</Filter>
    </ClCompile>
    <ClCompile Include="samples\sample4.cpp">
      <Filter>Source Files</Filter>
    </ClCompile>
    <ClCompile Include="graphics\texture.cpp">
      <Filter>Source Files</Filter>
    </ClCompile>
    <ClCompile Include="graphics\material.cpp">
      <Filter>Source Files</Filter>
    </ClCompile>
    <ClCompile Include="assets\assets_importtexture.cpp">
      <Filter>Source Files</Filter>
    </ClCompile>
    <ClCompile Include="graphics\pipeline\rp_temp.cpp">
      <Filter>Source Files</Filter>
    </ClCompile>
    <ClCompile Include="graphics\pipeline\rp_temp_opengl.cpp">
      <Filter>Source Files</Filter>
    </ClCompile>
    <ClCompile Include="graphics\pipeline\rp_deferred.cpp">
      <Filter>Source Files</Filter>
    </ClCompile>
    <ClCompile Include="graphics\pipeline\rp_deferred_opengl.cpp">
      <Filter>Source Files</Filter>
    </ClCompile>
    <ClCompile Include="samples\sample1.cpp">
      <Filter>Source Files</Filter>
    </ClCompile>
    <ClCompile Include="geometry\rectangle.cpp">
      <Filter>Source Files</Filter>
    </ClCompile>
    <ClCompile Include="objects\go_light.cpp">
      <Filter>Source Files</Filter>
    </ClCompile>
    <ClCompile Include="components\component.cpp">
      <Filter>Source Files</Filter>
    </ClCompile>
    <ClCompile Include="components\motion.cpp">
      <Filter>Source Files</Filter>
    </ClCompile>
    <ClCompile Include="samples\sample5.cpp">
      <Filter>Source Files</Filter>
    </ClCompile>
    <ClCompile Include="components\keyboardcontroller.cpp">
      <Filter>Source Files</Filter>
    </ClCompile>
    <ClCompile Include="components\mouserotation.cpp">
      <Filter>Source Files</Filter>
    </ClCompile>
    <ClCompile Include="samples\sample7.cpp">
      <Filter>Source Files</Filter>
    </ClCompile>
    <ClCompile Include="geometry\sphere.cpp">
      <Filter>Source Files</Filter>
    </ClCompile>
    <ClCompile Include="geometry\ellipsoid.cpp">
      <Filter>Source Files</Filter>
    </ClCompile>
  </ItemGroup>
  <ItemGroup>
    <ClInclude Include="core\cppgameengine.h">
      <Filter>Header Files</Filter>
    </ClInclude>
    <ClInclude Include="graphics\graphics.h">
      <Filter>Header Files</Filter>
    </ClInclude>
    <ClInclude Include="utils\printutils.h">
      <Filter>Header Files</Filter>
    </ClInclude>
    <ClInclude Include="assets\assets.h">
      <Filter>Header Files</Filter>
    </ClInclude>
    <ClInclude Include="objects\gameobject.h">
      <Filter>Header Files</Filter>
    </ClInclude>
    <ClInclude Include="graphics\texture.h">
      <Filter>Header Files</Filter>
    </ClInclude>
    <ClInclude Include="graphics\graphics_opengl.h">
      <Filter>Header Files</Filter>
    </ClInclude>
    <ClInclude Include="core\scene.h">
      <Filter>Header Files</Filter>
    </ClInclude>
    <ClInclude Include="core\transform.h">
      <Filter>Header Files</Filter>
    </ClInclude>
    <ClInclude Include="objects\go_mesh.h">
      <Filter>Header Files</Filter>
    </ClInclude>
    <ClInclude Include="graphics\vertex.h">
      <Filter>Header Files</Filter>
    </ClInclude>
    <ClInclude Include="graphics\mesh.h">
      <Filter>Header Files</Filter>
    </ClInclude>
    <ClInclude Include="utils\assimputils.h">
      <Filter>Header Files</Filter>
    </ClInclude>
    <ClInclude Include="graphics\pipeline\rp_clay.h">
      <Filter>Header Files</Filter>
    </ClInclude>
    <ClInclude Include="graphics\pipeline\renderpipeline.h">
      <Filter>Header Files</Filter>
    </ClInclude>
    <ClInclude Include="graphics\pipeline\rp_clay_opengl.h">
      <Filter>Header Files</Filter>
    </ClInclude>
    <ClInclude Include="io\keymap.h">
      <Filter>Header Files</Filter>
    </ClInclude>
    <ClInclude Include="objects\go_camera.h">
      <Filter>Header Files</Filter>
    </ClInclude>
    <ClInclude Include="io\inputcontext.h">
      <Filter>Header Files</Filter>
    </ClInclude>
    <ClInclude Include="io\callbacks_glfw.h">
      <Filter>Header Files</Filter>
    </ClInclude>
    <ClInclude Include="core\datablock.h">
      <Filter>Header Files</Filter>
    </ClInclude>
    <ClInclude Include="depsgraph\depsgraph.h">
      <Filter>Header Files</Filter>
    </ClInclude>
    <ClInclude Include="depsgraph\driver.h">
      <Filter>Header Files</Filter>
    </ClInclude>
    <ClInclude Include="depsgraph\event.h">
      <Filter>Header Files</Filter>
    </ClInclude>
    <ClInclude Include="depsgraph\depsnode.h">
      <Filter>Header Files</Filter>
    </ClInclude>
    <ClInclude Include="graphics\material.h">
      <Filter>Header Files</Filter>
    </ClInclude>
    <ClInclude Include="graphics\pipeline\rp_temp_opengl.h">
      <Filter>Header Files</Filter>
    </ClInclude>
    <ClInclude Include="graphics\pipeline\rp_deferred.h">
      <Filter>Header Files</Filter>
    </ClInclude>
    <ClInclude Include="graphics\pipeline\rp_deferred_opengl.h">
      <Filter>Header Files</Filter>
    </ClInclude>
    <ClInclude Include="graphics\pipeline\rp_temp.h">
      <Filter>Header Files</Filter>
    </ClInclude>
    <ClInclude Include="geometry\primitive.h">
      <Filter>Header Files</Filter>
    </ClInclude>
    <ClInclude Include="geometry\sphere.h">
      <Filter>Header Files</Filter>
    </ClInclude>
    <ClInclude Include="objects\go_light.h">
      <Filter>Header Files</Filter>
    </ClInclude>
    <ClInclude Include="geometry\rectangle.h">
      <Filter>Header Files</Filter>
    </ClInclude>
    <ClInclude Include="geometry\ellipse.h">
      <Filter>Header Files</Filter>
    </ClInclude>
    <ClInclude Include="components\component.h">
      <Filter>Header Files</Filter>
    </ClInclude>
    <ClInclude Include="components\motion.h">
      <Filter>Header Files</Filter>
    </ClInclude>
    <ClInclude Include="components\keyboardcontroller.h">
      <Filter>Header Files</Filter>
    </ClInclude>
    <ClInclude Include="components\mouserotation.h">
      <Filter>Header Files</Filter>
    </ClInclude>
    <ClInclude Include="geometry\ellipsoid.h">
      <Filter>Header Files</Filter>
    </ClInclude>
  </ItemGroup>
  <ItemGroup>
    <None Include="shaders\opengl\clay.vert" />
    <None Include="shaders\opengl\clay.frag" />
    <None Include="shaders\opengl\temp.frag" />
    <None Include="shaders\opengl\temp.vert" />
    <None Include="shaders\opengl\deferred_gbuffer.vert" />
    <None Include="shaders\opengl\deferred_gbuffer.frag" />
    <None Include="shaders\opengl\deferred_light.vert" />
    <None Include="shaders\opengl\deferred_light.frag" />
    <None Include="shaders\opengl\raw.vert" />
    <None Include="shaders\opengl\raw.frag" />
  </ItemGroup>
</Project>